// !$*UTF8*$!
{
	archiveVersion = 1;
	classes = {
	};
	objectVersion = 50;
	objects = {

/* Begin PBXBuildFile section */
		8C038D37223944480017410E /* AppDelegate.swift in Sources */ = {isa = PBXBuildFile; fileRef = 8C038D36223944480017410E /* AppDelegate.swift */; };
		8C038D3C223944480017410E /* Main.storyboard in Resources */ = {isa = PBXBuildFile; fileRef = 8C038D3A223944480017410E /* Main.storyboard */; };
		8C038D3F223944480017410E /* news_app.xcdatamodeld in Sources */ = {isa = PBXBuildFile; fileRef = 8C038D3D223944480017410E /* news_app.xcdatamodeld */; };
		8C038D41223944490017410E /* Assets.xcassets in Resources */ = {isa = PBXBuildFile; fileRef = 8C038D40223944490017410E /* Assets.xcassets */; };
		8C038D44223944490017410E /* LaunchScreen.storyboard in Resources */ = {isa = PBXBuildFile; fileRef = 8C038D42223944490017410E /* LaunchScreen.storyboard */; };
		8C038D52223944AF0017410E /* Constants.swift in Sources */ = {isa = PBXBuildFile; fileRef = 8C038D51223944AF0017410E /* Constants.swift */; };
		8C193BA4224C3C860060204D /* NewsCell.swift in Sources */ = {isa = PBXBuildFile; fileRef = 8C193BA3224C3C860060204D /* NewsCell.swift */; };
		8C5126DD223BE00B007F8CFE /* SWRevealViewController.m in Sources */ = {isa = PBXBuildFile; fileRef = 8C5126DB223BE00B007F8CFE /* SWRevealViewController.m */; };
		8C5126E1223BE2FA007F8CFE /* NewsFeed_FrontViewController.swift in Sources */ = {isa = PBXBuildFile; fileRef = 8C5126E0223BE2FA007F8CFE /* NewsFeed_FrontViewController.swift */; };
		8C5126E3223BE326007F8CFE /* Sources&Settings_RearViewController.swift in Sources */ = {isa = PBXBuildFile; fileRef = 8C5126E2223BE326007F8CFE /* Sources&Settings_RearViewController.swift */; };
		9B9CDD2FD711BC4C3B5BFB91 /* Pods_news_app.framework in Frameworks */ = {isa = PBXBuildFile; fileRef = 4C8011DCAE0CCEB7338FE364 /* Pods_news_app.framework */; };
/* End PBXBuildFile section */

/* Begin PBXFileReference section */
		4C8011DCAE0CCEB7338FE364 /* Pods_news_app.framework */ = {isa = PBXFileReference; explicitFileType = wrapper.framework; includeInIndex = 0; path = Pods_news_app.framework; sourceTree = BUILT_PRODUCTS_DIR; };
		8C038D33223944480017410E /* news-app.app */ = {isa = PBXFileReference; explicitFileType = wrapper.application; includeInIndex = 0; path = "news-app.app"; sourceTree = BUILT_PRODUCTS_DIR; };
		8C038D36223944480017410E /* AppDelegate.swift */ = {isa = PBXFileReference; lastKnownFileType = sourcecode.swift; path = AppDelegate.swift; sourceTree = "<group>"; };
		8C038D3B223944480017410E /* Base */ = {isa = PBXFileReference; lastKnownFileType = file.storyboard; name = Base; path = Base.lproj/Main.storyboard; sourceTree = "<group>"; };
		8C038D3E223944480017410E /* news_app.xcdatamodel */ = {isa = PBXFileReference; lastKnownFileType = wrapper.xcdatamodel; path = news_app.xcdatamodel; sourceTree = "<group>"; };
		8C038D40223944490017410E /* Assets.xcassets */ = {isa = PBXFileReference; lastKnownFileType = folder.assetcatalog; path = Assets.xcassets; sourceTree = "<group>"; };
		8C038D43223944490017410E /* Base */ = {isa = PBXFileReference; lastKnownFileType = file.storyboard; name = Base; path = Base.lproj/LaunchScreen.storyboard; sourceTree = "<group>"; };
		8C038D45223944490017410E /* Info.plist */ = {isa = PBXFileReference; lastKnownFileType = text.plist.xml; path = Info.plist; sourceTree = "<group>"; };
		8C038D51223944AF0017410E /* Constants.swift */ = {isa = PBXFileReference; lastKnownFileType = sourcecode.swift; path = Constants.swift; sourceTree = "<group>"; };
		8C193BA3224C3C860060204D /* NewsCell.swift */ = {isa = PBXFileReference; lastKnownFileType = sourcecode.swift; path = NewsCell.swift; sourceTree = "<group>"; };
		8C5126DA223BE00B007F8CFE /* news-app-Bridging-Header.h */ = {isa = PBXFileReference; lastKnownFileType = sourcecode.c.h; path = "news-app-Bridging-Header.h"; sourceTree = "<group>"; };
		8C5126DB223BE00B007F8CFE /* SWRevealViewController.m */ = {isa = PBXFileReference; fileEncoding = 4; lastKnownFileType = sourcecode.c.objc; path = SWRevealViewController.m; sourceTree = "<group>"; };
		8C5126DC223BE00B007F8CFE /* SWRevealViewController.h */ = {isa = PBXFileReference; fileEncoding = 4; lastKnownFileType = sourcecode.c.h; path = SWRevealViewController.h; sourceTree = "<group>"; };
		8C5126E0223BE2FA007F8CFE /* NewsFeed_FrontViewController.swift */ = {isa = PBXFileReference; lastKnownFileType = sourcecode.swift; path = NewsFeed_FrontViewController.swift; sourceTree = "<group>"; };
		8C5126E2223BE326007F8CFE /* Sources&Settings_RearViewController.swift */ = {isa = PBXFileReference; lastKnownFileType = sourcecode.swift; path = "Sources&Settings_RearViewController.swift"; sourceTree = "<group>"; };
		ABA7A2F2C58228B28D08C74C /* Pods-news-app.release.xcconfig */ = {isa = PBXFileReference; includeInIndex = 1; lastKnownFileType = text.xcconfig; name = "Pods-news-app.release.xcconfig"; path = "Target Support Files/Pods-news-app/Pods-news-app.release.xcconfig"; sourceTree = "<group>"; };
		FBF1993BCF28E802C03088EC /* Pods-news-app.debug.xcconfig */ = {isa = PBXFileReference; includeInIndex = 1; lastKnownFileType = text.xcconfig; name = "Pods-news-app.debug.xcconfig"; path = "Target Support Files/Pods-news-app/Pods-news-app.debug.xcconfig"; sourceTree = "<group>"; };
/* End PBXFileReference section */

/* Begin PBXFrameworksBuildPhase section */
		8C038D30223944480017410E /* Frameworks */ = {
			isa = PBXFrameworksBuildPhase;
			buildActionMask = 2147483647;
			files = (
				9B9CDD2FD711BC4C3B5BFB91 /* Pods_news_app.framework in Frameworks */,
			);
			runOnlyForDeploymentPostprocessing = 0;
		};
/* End PBXFrameworksBuildPhase section */

/* Begin PBXGroup section */
		647959087EAA5CA71C719507 /* Frameworks */ = {
			isa = PBXGroup;
			children = (
				4C8011DCAE0CCEB7338FE364 /* Pods_news_app.framework */,
			);
			name = Frameworks;
			sourceTree = "<group>";
		};
		8C038D2A223944480017410E = {
			isa = PBXGroup;
			children = (
				8C038D35223944480017410E /* news-app */,
				8C038D34223944480017410E /* Products */,
				C1BB75C39341889E8CA2D133 /* Pods */,
				647959087EAA5CA71C719507 /* Frameworks */,
			);
			sourceTree = "<group>";
		};
		8C038D34223944480017410E /* Products */ = {
			isa = PBXGroup;
			children = (
				8C038D33223944480017410E /* news-app.app */,
			);
			name = Products;
			sourceTree = "<group>";
		};
		8C038D35223944480017410E /* news-app */ = {
			isa = PBXGroup;
			children = (
				8C193B9D224BAA930060204D /* Extensions */,
				8C038D502239449E0017410E /* Supporting files */,
				8C038D4F223944980017410E /* Utilities */,
				8C038D4E223944920017410E /* Services */,
				8C038D4D223944810017410E /* Model */,
				8C038D4C2239447C0017410E /* View */,
				8C038D4B223944690017410E /* Controller */,
				8C038D36223944480017410E /* AppDelegate.swift */,
				8C038D3A223944480017410E /* Main.storyboard */,
				8C038D40223944490017410E /* Assets.xcassets */,
				8C038D42223944490017410E /* LaunchScreen.storyboard */,
				8C038D45223944490017410E /* Info.plist */,
				8C038D3D223944480017410E /* news_app.xcdatamodeld */,
			);
			path = "news-app";
			sourceTree = "<group>";
		};
		8C038D4B223944690017410E /* Controller */ = {
			isa = PBXGroup;
			children = (
				8C5126E0223BE2FA007F8CFE /* NewsFeed_FrontViewController.swift */,
				8C5126E2223BE326007F8CFE /* Sources&Settings_RearViewController.swift */,
			);
			path = Controller;
			sourceTree = "<group>";
		};
		8C038D4C2239447C0017410E /* View */ = {
			isa = PBXGroup;
			children = (
				8C193BA3224C3C860060204D /* NewsCell.swift */,
			);
			path = View;
			sourceTree = "<group>";
		};
		8C038D4D223944810017410E /* Model */ = {
			isa = PBXGroup;
			children = (
			);
			path = Model;
			sourceTree = "<group>";
		};
		8C038D4E223944920017410E /* Services */ = {
			isa = PBXGroup;
			children = (
			);
			path = Services;
			sourceTree = "<group>";
		};
		8C038D4F223944980017410E /* Utilities */ = {
			isa = PBXGroup;
			children = (
				8C038D51223944AF0017410E /* Constants.swift */,
			);
			path = Utilities;
			sourceTree = "<group>";
		};
		8C038D502239449E0017410E /* Supporting files */ = {
			isa = PBXGroup;
			children = (
				8C5126DC223BE00B007F8CFE /* SWRevealViewController.h */,
				8C5126DB223BE00B007F8CFE /* SWRevealViewController.m */,
				8C5126DA223BE00B007F8CFE /* news-app-Bridging-Header.h */,
			);
			path = "Supporting files";
			sourceTree = "<group>";
		};
		8C193B9D224BAA930060204D /* Extensions */ = {
			isa = PBXGroup;
			children = (
			);
			path = Extensions;
			sourceTree = "<group>";
		};
		C1BB75C39341889E8CA2D133 /* Pods */ = {
			isa = PBXGroup;
			children = (
				FBF1993BCF28E802C03088EC /* Pods-news-app.debug.xcconfig */,
				ABA7A2F2C58228B28D08C74C /* Pods-news-app.release.xcconfig */,
			);
			path = Pods;
			sourceTree = "<group>";
		};
/* End PBXGroup section */

/* Begin PBXNativeTarget section */
		8C038D32223944480017410E /* news-app */ = {
			isa = PBXNativeTarget;
			buildConfigurationList = 8C038D48223944490017410E /* Build configuration list for PBXNativeTarget "news-app" */;
			buildPhases = (
				42F1394268C675B9250B62C4 /* [CP] Check Pods Manifest.lock */,
				8C038D2F223944480017410E /* Sources */,
				8C038D30223944480017410E /* Frameworks */,
				8C038D31223944480017410E /* Resources */,
				E7086CC084311FF462BCC1DB /* [CP] Embed Pods Frameworks */,
			);
			buildRules = (
			);
			dependencies = (
			);
			name = "news-app";
			productName = "news-app";
			productReference = 8C038D33223944480017410E /* news-app.app */;
			productType = "com.apple.product-type.application";
		};
/* End PBXNativeTarget section */

/* Begin PBXProject section */
		8C038D2B223944480017410E /* Project object */ = {
			isa = PBXProject;
			attributes = {
				LastSwiftUpdateCheck = 1010;
				LastUpgradeCheck = 1010;
				ORGANIZATIONNAME = "Daniel Garofalo";
				TargetAttributes = {
					8C038D32223944480017410E = {
						CreatedOnToolsVersion = 10.1;
						LastSwiftMigration = 1010;
					};
				};
			};
			buildConfigurationList = 8C038D2E223944480017410E /* Build configuration list for PBXProject "news-app" */;
			compatibilityVersion = "Xcode 9.3";
			developmentRegion = en;
			hasScannedForEncodings = 0;
			knownRegions = (
				en,
				Base,
			);
			mainGroup = 8C038D2A223944480017410E;
			productRefGroup = 8C038D34223944480017410E /* Products */;
			projectDirPath = "";
			projectRoot = "";
			targets = (
				8C038D32223944480017410E /* news-app */,
			);
		};
/* End PBXProject section */

/* Begin PBXResourcesBuildPhase section */
		8C038D31223944480017410E /* Resources */ = {
			isa = PBXResourcesBuildPhase;
			buildActionMask = 2147483647;
			files = (
				8C038D44223944490017410E /* LaunchScreen.storyboard in Resources */,
				8C038D41223944490017410E /* Assets.xcassets in Resources */,
				8C038D3C223944480017410E /* Main.storyboard in Resources */,
			);
			runOnlyForDeploymentPostprocessing = 0;
		};
/* End PBXResourcesBuildPhase section */

/* Begin PBXShellScriptBuildPhase section */
		42F1394268C675B9250B62C4 /* [CP] Check Pods Manifest.lock */ = {
			isa = PBXShellScriptBuildPhase;
			buildActionMask = 2147483647;
			files = (
			);
			inputFileListPaths = (
			);
			inputPaths = (
				"${PODS_PODFILE_DIR_PATH}/Podfile.lock",
				"${PODS_ROOT}/Manifest.lock",
			);
			name = "[CP] Check Pods Manifest.lock";
			outputFileListPaths = (
			);
			outputPaths = (
				"$(DERIVED_FILE_DIR)/Pods-news-app-checkManifestLockResult.txt",
			);
			runOnlyForDeploymentPostprocessing = 0;
			shellPath = /bin/sh;
			shellScript = "diff \"${PODS_PODFILE_DIR_PATH}/Podfile.lock\" \"${PODS_ROOT}/Manifest.lock\" > /dev/null\nif [ $? != 0 ] ; then\n    # print error to STDERR\n    echo \"error: The sandbox is not in sync with the Podfile.lock. Run 'pod install' or update your CocoaPods installation.\" >&2\n    exit 1\nfi\n# This output is used by Xcode 'outputs' to avoid re-running this script phase.\necho \"SUCCESS\" > \"${SCRIPT_OUTPUT_FILE_0}\"\n";
			showEnvVarsInLog = 0;
		};
		E7086CC084311FF462BCC1DB /* [CP] Embed Pods Frameworks */ = {
			isa = PBXShellScriptBuildPhase;
			buildActionMask = 2147483647;
			files = (
			);
			inputFileListPaths = (
			);
			inputPaths = (
				"${PODS_ROOT}/Target Support Files/Pods-news-app/Pods-news-app-frameworks.sh",
				"${BUILT_PRODUCTS_DIR}/Alamofire/Alamofire.framework",
				"${BUILT_PRODUCTS_DIR}/Socket.IO-Client-Swift/SocketIO.framework",
				"${BUILT_PRODUCTS_DIR}/Starscream/Starscream.framework",
				"${BUILT_PRODUCTS_DIR}/SwiftyJSON/SwiftyJSON.framework",
			);
			name = "[CP] Embed Pods Frameworks";
			outputFileListPaths = (
			);
			outputPaths = (
				"${TARGET_BUILD_DIR}/${FRAMEWORKS_FOLDER_PATH}/Alamofire.framework",
				"${TARGET_BUILD_DIR}/${FRAMEWORKS_FOLDER_PATH}/SocketIO.framework",
				"${TARGET_BUILD_DIR}/${FRAMEWORKS_FOLDER_PATH}/Starscream.framework",
				"${TARGET_BUILD_DIR}/${FRAMEWORKS_FOLDER_PATH}/SwiftyJSON.framework",
			);
			runOnlyForDeploymentPostprocessing = 0;
			shellPath = /bin/sh;
			shellScript = "\"${PODS_ROOT}/Target Support Files/Pods-news-app/Pods-news-app-frameworks.sh\"\n";
			showEnvVarsInLog = 0;
		};
/* End PBXShellScriptBuildPhase section */

/* Begin PBXSourcesBuildPhase section */
		8C038D2F223944480017410E /* Sources */ = {
			isa = PBXSourcesBuildPhase;
			buildActionMask = 2147483647;
			files = (
				8C038D37223944480017410E /* AppDelegate.swift in Sources */,
				8C5126DD223BE00B007F8CFE /* SWRevealViewController.m in Sources */,
				8C038D3F223944480017410E /* news_app.xcdatamodeld in Sources */,
				8C193BA4224C3C860060204D /* NewsCell.swift in Sources */,
				8C038D52223944AF0017410E /* Constants.swift in Sources */,
				8C5126E1223BE2FA007F8CFE /* NewsFeed_FrontViewController.swift in Sources */,
				8C5126E3223BE326007F8CFE /* Sources&Settings_RearViewController.swift in Sources */,
			);
			runOnlyForDeploymentPostprocessing = 0;
		};
/* End PBXSourcesBuildPhase section */

/* Begin PBXVariantGroup section */
		8C038D3A223944480017410E /* Main.storyboard */ = {
			isa = PBXVariantGroup;
			children = (
				8C038D3B223944480017410E /* Base */,
			);
			name = Main.storyboard;
			sourceTree = "<group>";
		};
		8C038D42223944490017410E /* LaunchScreen.storyboard */ = {
			isa = PBXVariantGroup;
			children = (
				8C038D43223944490017410E /* Base */,
			);
			name = LaunchScreen.storyboard;
			sourceTree = "<group>";
		};
/* End PBXVariantGroup section */

/* Begin XCBuildConfiguration section */
		8C038D46223944490017410E /* Debug */ = {
			isa = XCBuildConfiguration;
			buildSettings = {
				ALWAYS_SEARCH_USER_PATHS = NO;
				CLANG_ANALYZER_NONNULL = YES;
				CLANG_ANALYZER_NUMBER_OBJECT_CONVERSION = YES_AGGRESSIVE;
				CLANG_CXX_LANGUAGE_STANDARD = "gnu++14";
				CLANG_CXX_LIBRARY = "libc++";
				CLANG_ENABLE_MODULES = YES;
				CLANG_ENABLE_OBJC_ARC = YES;
				CLANG_ENABLE_OBJC_WEAK = YES;
				CLANG_WARN_BLOCK_CAPTURE_AUTORELEASING = YES;
				CLANG_WARN_BOOL_CONVERSION = YES;
				CLANG_WARN_COMMA = YES;
				CLANG_WARN_CONSTANT_CONVERSION = YES;
				CLANG_WARN_DEPRECATED_OBJC_IMPLEMENTATIONS = YES;
				CLANG_WARN_DIRECT_OBJC_ISA_USAGE = YES_ERROR;
				CLANG_WARN_DOCUMENTATION_COMMENTS = YES;
				CLANG_WARN_EMPTY_BODY = YES;
				CLANG_WARN_ENUM_CONVERSION = YES;
				CLANG_WARN_INFINITE_RECURSION = YES;
				CLANG_WARN_INT_CONVERSION = YES;
				CLANG_WARN_NON_LITERAL_NULL_CONVERSION = YES;
				CLANG_WARN_OBJC_IMPLICIT_RETAIN_SELF = YES;
				CLANG_WARN_OBJC_LITERAL_CONVERSION = YES;
				CLANG_WARN_OBJC_ROOT_CLASS = YES_ERROR;
				CLANG_WARN_RANGE_LOOP_ANALYSIS = YES;
				CLANG_WARN_STRICT_PROTOTYPES = YES;
				CLANG_WARN_SUSPICIOUS_MOVE = YES;
				CLANG_WARN_UNGUARDED_AVAILABILITY = YES_AGGRESSIVE;
				CLANG_WARN_UNREACHABLE_CODE = YES;
				CLANG_WARN__DUPLICATE_METHOD_MATCH = YES;
				CODE_SIGN_IDENTITY = "iPhone Developer";
				COPY_PHASE_STRIP = NO;
				DEBUG_INFORMATION_FORMAT = dwarf;
				ENABLE_STRICT_OBJC_MSGSEND = YES;
				ENABLE_TESTABILITY = YES;
				GCC_C_LANGUAGE_STANDARD = gnu11;
				GCC_DYNAMIC_NO_PIC = NO;
				GCC_NO_COMMON_BLOCKS = YES;
				GCC_OPTIMIZATION_LEVEL = 0;
				GCC_PREPROCESSOR_DEFINITIONS = (
					"DEBUG=1",
					"$(inherited)",
				);
				GCC_WARN_64_TO_32_BIT_CONVERSION = YES;
				GCC_WARN_ABOUT_RETURN_TYPE = YES_ERROR;
				GCC_WARN_UNDECLARED_SELECTOR = YES;
				GCC_WARN_UNINITIALIZED_AUTOS = YES_AGGRESSIVE;
				GCC_WARN_UNUSED_FUNCTION = YES;
				GCC_WARN_UNUSED_VARIABLE = YES;
				IPHONEOS_DEPLOYMENT_TARGET = 12.1;
				MTL_ENABLE_DEBUG_INFO = INCLUDE_SOURCE;
				MTL_FAST_MATH = YES;
				ONLY_ACTIVE_ARCH = YES;
				SDKROOT = iphoneos;
				SWIFT_ACTIVE_COMPILATION_CONDITIONS = DEBUG;
				SWIFT_OPTIMIZATION_LEVEL = "-Onone";
			};
			name = Debug;
		};
		8C038D47223944490017410E /* Release */ = {
			isa = XCBuildConfiguration;
			buildSettings = {
				ALWAYS_SEARCH_USER_PATHS = NO;
				CLANG_ANALYZER_NONNULL = YES;
				CLANG_ANALYZER_NUMBER_OBJECT_CONVERSION = YES_AGGRESSIVE;
				CLANG_CXX_LANGUAGE_STANDARD = "gnu++14";
				CLANG_CXX_LIBRARY = "libc++";
				CLANG_ENABLE_MODULES = YES;
				CLANG_ENABLE_OBJC_ARC = YES;
				CLANG_ENABLE_OBJC_WEAK = YES;
				CLANG_WARN_BLOCK_CAPTURE_AUTORELEASING = YES;
				CLANG_WARN_BOOL_CONVERSION = YES;
				CLANG_WARN_COMMA = YES;
				CLANG_WARN_CONSTANT_CONVERSION = YES;
				CLANG_WARN_DEPRECATED_OBJC_IMPLEMENTATIONS = YES;
				CLANG_WARN_DIRECT_OBJC_ISA_USAGE = YES_ERROR;
				CLANG_WARN_DOCUMENTATION_COMMENTS = YES;
				CLANG_WARN_EMPTY_BODY = YES;
				CLANG_WARN_ENUM_CONVERSION = YES;
				CLANG_WARN_INFINITE_RECURSION = YES;
				CLANG_WARN_INT_CONVERSION = YES;
				CLANG_WARN_NON_LITERAL_NULL_CONVERSION = YES;
				CLANG_WARN_OBJC_IMPLICIT_RETAIN_SELF = YES;
				CLANG_WARN_OBJC_LITERAL_CONVERSION = YES;
				CLANG_WARN_OBJC_ROOT_CLASS = YES_ERROR;
				CLANG_WARN_RANGE_LOOP_ANALYSIS = YES;
				CLANG_WARN_STRICT_PROTOTYPES = YES;
				CLANG_WARN_SUSPICIOUS_MOVE = YES;
				CLANG_WARN_UNGUARDED_AVAILABILITY = YES_AGGRESSIVE;
				CLANG_WARN_UNREACHABLE_CODE = YES;
				CLANG_WARN__DUPLICATE_METHOD_MATCH = YES;
				CODE_SIGN_IDENTITY = "iPhone Developer";
				COPY_PHASE_STRIP = NO;
				DEBUG_INFORMATION_FORMAT = "dwarf-with-dsym";
				ENABLE_NS_ASSERTIONS = NO;
				ENABLE_STRICT_OBJC_MSGSEND = YES;
				GCC_C_LANGUAGE_STANDARD = gnu11;
				GCC_NO_COMMON_BLOCKS = YES;
				GCC_WARN_64_TO_32_BIT_CONVERSION = YES;
				GCC_WARN_ABOUT_RETURN_TYPE = YES_ERROR;
				GCC_WARN_UNDECLARED_SELECTOR = YES;
				GCC_WARN_UNINITIALIZED_AUTOS = YES_AGGRESSIVE;
				GCC_WARN_UNUSED_FUNCTION = YES;
				GCC_WARN_UNUSED_VARIABLE = YES;
				IPHONEOS_DEPLOYMENT_TARGET = 12.1;
				MTL_ENABLE_DEBUG_INFO = NO;
				MTL_FAST_MATH = YES;
				SDKROOT = iphoneos;
				SWIFT_COMPILATION_MODE = wholemodule;
				SWIFT_OPTIMIZATION_LEVEL = "-O";
				VALIDATE_PRODUCT = YES;
			};
			name = Release;
		};
		8C038D49223944490017410E /* Debug */ = {
			isa = XCBuildConfiguration;
			baseConfigurationReference = FBF1993BCF28E802C03088EC /* Pods-news-app.debug.xcconfig */;
			buildSettings = {
				ASSETCATALOG_COMPILER_APPICON_NAME = AppIcon;
				CLANG_ENABLE_MODULES = YES;
				CODE_SIGN_STYLE = Automatic;
				DEVELOPMENT_TEAM = 3JVSXR75A5;
				INFOPLIST_FILE = "news-app/Info.plist";
				LD_RUNPATH_SEARCH_PATHS = (
					"$(inherited)",
					"@executable_path/Frameworks",
				);
				PRODUCT_BUNDLE_IDENTIFIER = "com.garofalo.news-app";
				PRODUCT_NAME = "$(TARGET_NAME)";
				SWIFT_OBJC_BRIDGING_HEADER = "news-app/Supporting files/news-app-Bridging-Header.h";
				SWIFT_OPTIMIZATION_LEVEL = "-Onone";
				SWIFT_VERSION = 4.2;
				TARGETED_DEVICE_FAMILY = "1,2";
			};
			name = Debug;
		};
		8C038D4A223944490017410E /* Release */ = {
			isa = XCBuildConfiguration;
			baseConfigurationReference = ABA7A2F2C58228B28D08C74C /* Pods-news-app.release.xcconfig */;
			buildSettings = {
				ASSETCATALOG_COMPILER_APPICON_NAME = AppIcon;
				CLANG_ENABLE_MODULES = YES;
				CODE_SIGN_STYLE = Automatic;
				DEVELOPMENT_TEAM = 3JVSXR75A5;
				INFOPLIST_FILE = "news-app/Info.plist";
				LD_RUNPATH_SEARCH_PATHS = (
					"$(inherited)",
					"@executable_path/Frameworks",
				);
				PRODUCT_BUNDLE_IDENTIFIER = "com.garofalo.news-app";
				PRODUCT_NAME = "$(TARGET_NAME)";
				SWIFT_OBJC_BRIDGING_HEADER = "news-app/Supporting files/news-app-Bridging-Header.h";
				SWIFT_VERSION = 4.2;
				TARGETED_DEVICE_FAMILY = "1,2";
			};
			name = Release;
		};
/* End XCBuildConfiguration section */

/* Begin XCConfigurationList section */
		8C038D2E223944480017410E /* Build configuration list for PBXProject "news-app" */ = {
			isa = XCConfigurationList;
			buildConfigurations = (
				8C038D46223944490017410E /* Debug */,
				8C038D47223944490017410E /* Release */,
			);
			defaultConfigurationIsVisible = 0;
			defaultConfigurationName = Release;
		};
		8C038D48223944490017410E /* Build configuration list for PBXNativeTarget "news-app" */ = {
			isa = XCConfigurationList;
			buildConfigurations = (
				8C038D49223944490017410E /* Debug */,
				8C038D4A223944490017410E /* Release */,
			);
			defaultConfigurationIsVisible = 0;
			defaultConfigurationName = Release;
		};
/* End XCConfigurationList section */

/* Begin XCVersionGroup section */
		8C038D3D223944480017410E /* news_app.xcdatamodeld */ = {
			isa = XCVersionGroup;
			children = (
				8C038D3E223944480017410E /* news_app.xcdatamodel */,
			);
			currentVersion = 8C038D3E223944480017410E /* news_app.xcdatamodel */;
			path = news_app.xcdatamodeld;
			sourceTree = "<group>";
			versionGroupType = wrapper.xcdatamodel;
		};
/* End XCVersionGroup section */
	};
	rootObject = 8C038D2B223944480017410E /* Project object */;
}
